
Microsoft Visual Studio Solution File, Format Version 12.00
# Visual Studio Version 17
VisualStudioVersion = 17.3.32728.150
MinimumVisualStudioVersion = 10.0.40219.1
Project("{FAE04EC0-301F-11D3-BF4B-00C04F79EFBC}") = "APIWithDapperTutorial", "APIWithDapperTutorial\APIWithDapperTutorial.csproj", "{ECCB088C-2EA5-4124-B2EB-380F2CFDB744}"
EndProject
Global
	GlobalSection(SolutionConfigurationPlatforms) = preSolution
		Debug|Any CPU = Debug|Any CPU
		Release|Any CPU = Release|Any CPU
	EndGlobalSection
	GlobalSection(ProjectConfigurationPlatforms) = postSolution
		{ECCB088C-2EA5-4124-B2EB-380F2CFDB744}.Debug|Any CPU.ActiveCfg = Debug|Any CPU
		{ECCB088C-2EA5-4124-B2EB-380F2CFDB744}.Debug|Any CPU.Build.0 = Debug|Any CPU
		{ECCB088C-2EA5-4124-B2EB-380F2CFDB744}.Release|Any CPU.ActiveCfg = Release|Any CPU
		{ECCB088C-2EA5-4124-B2EB-380F2CFDB744}.Release|Any CPU.Build.0 = Release|Any CPU
	EndGlobalSection
	GlobalSection(SolutionProperties) = preSolution
		HideSolutionNode = FALSE
	EndGlobalSection
	GlobalSection(ExtensibilityGlobals) = postSolution
		SolutionGuid = {D2B09EED-3A7F-4447-8776-A50058F245D1}
	EndGlobalSection
EndGlobal
